<?xml version="1.0" encoding="UTF-8" standalone="yes" ?>
<CodeBlocks_project_file>
	<FileVersion major="1" minor="6" />
	<Project>
		<Option title="path-tracer" />
		<Option pch_mode="2" />
		<Option compiler="gcc" />
		<Build>
			<Target title="Debug">
				<Option output="./path-tracer" prefix_auto="1" extension_auto="1" />
				<Option object_output="build/" />
				<Option type="1" />
				<Option compiler="gcc" />
				<Option parameters="1 0 rendering_kernel.cl 640 480 scenes/cornell.scn" />
				<Compiler>
					<Add option="-O3" />
					<Add option="-Wall" />
					<Add option="-g" />
					<Add option="-msse2 -mfpmath=sse -ftree-vectorize -funroll-loops" />
					<Add directory="/usr/local/cuda/include" />
				</Compiler>
				<Linker>
					<Add library="m" />
					<Add library="glut" />
					<Add library="GL" />
					<Add library="OpenCL" />
					<Add directory="/usr/local/cuda/lib64" />
				</Linker>
				<ExtraCommands>
					<Add before="cpp &lt; rendering_kernel.cl &gt;preprocessed_rendering_kernel.cl" />
					<Add before="cpp &lt; rendering_kernel_dl.cl &gt;preprocessed_rendering_kernel_dl.cl" />
				</ExtraCommands>
			</Target>
		</Build>
		<Compiler>
			<Add option="-Wall" />
		</Compiler>
		<Unit filename="camera.h" />
		<Unit filename="displayfunc.c">
			<Option compilerVar="CC" />
		</Unit>
		<Unit filename="displayfunc.h" />
		<Unit filename="geom.h" />
		<Unit filename="geomfunc.h" />
		<Unit filename="rendering_kernel.cl">
			<Option target="&lt;{~None~}&gt;" />
		</Unit>
		<Unit filename="rendering_kernel_dl.cl">
			<Option target="&lt;{~None~}&gt;" />
		</Unit>
		<Unit filename="scenes/caustic.scn" />
		<Unit filename="scenes/caustic3.scn" />
		<Unit filename="scenes/complex.scn" />
		<Unit filename="scenes/cornell.scn" />
		<Unit filename="scenes/cornell_large.scn" />
		<Unit filename="scenes/simple.scn" />
		<Unit filename="simplernd.h" />
		<Unit filename="smallptCPU.c">
			<Option compilerVar="CC" />
			<Option target="&lt;{~None~}&gt;" />
		</Unit>
		<Unit filename="smallptGPU.c">
			<Option compilerVar="CC" />
		</Unit>
		<Unit filename="vec.h" />
		<Extensions>
			<envvars />
			<code_completion />
			<debugger />
			<lib_finder disable_auto="1" />
		</Extensions>
	</Project>
</CodeBlocks_project_file>
