<?xml version="1.0" encoding="UTF-8" standalone="yes" ?>
<CodeBlocks_project_file>
	<FileVersion major="1" minor="6" />
	<Project>
		<Option title="path-tracer" />
		<Option pch_mode="2" />
		<Option compiler="gcc" />
		<Build>
			<Target title="gpu">
				<Option output="./path-tracer" prefix_auto="1" extension_auto="1" />
				<Option object_output="build/" />
				<Option type="1" />
				<Option compiler="gcc" />
				<Option parameters="1 0 rendering_kernel.cl 640 480 scenes/large-object.scn" />
				<Compiler>
					<Add option="-Wall" />
					<Add option="-g" />
					<Add directory="/usr/local/cuda/include" />
				</Compiler>
				<Linker>
					<Add library="OpenCL" />
					<Add directory="/usr/local/cuda/lib64" />
				</Linker>
			</Target>
			<Target title="cpu">
				<Option output="./path-tracer-cpu" prefix_auto="1" extension_auto="1" />
				<Option object_output="build/" />
				<Option type="1" />
				<Option compiler="gcc" />
				<Option parameters="480 320 scenes/simple.scn" />
				<Compiler>
					<Add option="-Wall" />
					<Add option="-g" />
				</Compiler>
			</Target>
		</Build>
		<Compiler>
			<Add option="-Wall" />
			<Add option="-msse2 -mfpmath=sse -ftree-vectorize -funroll-loops" />
		</Compiler>
		<Linker>
			<Add library="m" />
			<Add library="glut" />
			<Add library="GL" />
		</Linker>
		<ExtraCommands>
			<Add before="cpp &lt; rendering_kernel.cl &gt;preprocessed_rendering_kernel.cl" />
			<Add before="cpp &lt; rendering_kernel_dl.cl &gt;preprocessed_rendering_kernel_dl.cl" />
		</ExtraCommands>
		<Unit filename="camera.h" />
		<Unit filename="displayfunc.c">
			<Option compilerVar="CC" />
		</Unit>
		<Unit filename="displayfunc.h" />
		<Unit filename="geom.h" />
		<Unit filename="geomfunc.h" />
		<Unit filename="models/cube-rotated-other.obj" />
		<Unit filename="models/cube-rotated.obj" />
		<Unit filename="models/cube.mtl" />
		<Unit filename="models/cube.obj" />
		<Unit filename="models/cylinder.obj" />
		<Unit filename="models/d20.obj" />
		<Unit filename="models/light.obj" />
		<Unit filename="models/monkey.obj" />
		<Unit filename="models/plane-x.obj" />
		<Unit filename="models/plane-y-down.obj" />
		<Unit filename="models/plane-y.obj" />
		<Unit filename="models/plane-z.obj" />
		<Unit filename="models/plane.obj" />
		<Unit filename="models/sponge-rotated.obj" />
		<Unit filename="models/sponge.obj" />
		<Unit filename="models/table.obj" />
		<Unit filename="models/teapot.obj" />
		<Unit filename="rendering_kernel.cl">
			<Option target="&lt;{~None~}&gt;" />
		</Unit>
		<Unit filename="rendering_kernel_dl.cl">
			<Option target="&lt;{~None~}&gt;" />
		</Unit>
		<Unit filename="scenes/caustic.scn">
			<Option target="&lt;{~None~}&gt;" />
		</Unit>
		<Unit filename="scenes/caustic3.scn">
			<Option target="&lt;{~None~}&gt;" />
		</Unit>
		<Unit filename="scenes/complex.scn">
			<Option target="&lt;{~None~}&gt;" />
		</Unit>
		<Unit filename="scenes/cornell.scn">
			<Option target="&lt;{~None~}&gt;" />
		</Unit>
		<Unit filename="scenes/cornell_large.scn">
			<Option target="&lt;{~None~}&gt;" />
		</Unit>
		<Unit filename="scenes/large-object.scn" />
		<Unit filename="scenes/obj-model.scn">
			<Option target="&lt;{~None~}&gt;" />
		</Unit>
		<Unit filename="scenes/simple.scn">
			<Option target="&lt;{~None~}&gt;" />
		</Unit>
		<Unit filename="scenes/table-and-mirror.scn" />
		<Unit filename="simplernd.h" />
		<Unit filename="smallptCPU.c">
			<Option compilerVar="CC" />
			<Option target="cpu" />
		</Unit>
		<Unit filename="smallptGPU.c">
			<Option compilerVar="CC" />
			<Option target="gpu" />
		</Unit>
		<Unit filename="tinyobj_loader_c.h" />
		<Unit filename="vec.h" />
		<Extensions>
			<envvars />
			<code_completion />
			<debugger />
			<lib_finder disable_auto="1" />
		</Extensions>
	</Project>
</CodeBlocks_project_file>
