<?xml version="1.0" encoding="UTF-8" standalone="yes" ?>
<CodeBlocks_project_file>
	<FileVersion major="1" minor="6" />
	<Project>
		<Option title="path-tracer" />
		<Option pch_mode="2" />
		<Option compiler="gcc" />
		<Build>
			<Target title="gpu">
				<Option output="./path-tracer-gpu" prefix_auto="1" extension_auto="1" />
				<Option object_output="build/" />
				<Option type="1" />
				<Option compiler="gcc" />
				<Option parameters="1 0 path-tracing.cl 640 480 scenes/materials.txt" />
				<Compiler>
					<Add option="-Wall" />
					<Add option="-g" />
					<Add directory="/usr/local/cuda/include" />
				</Compiler>
				<Linker>
					<Add library="OpenCL" />
					<Add directory="/usr/local/cuda/lib64" />
				</Linker>
			</Target>
			<Target title="cpu">
				<Option output="./path-tracer-cpu" prefix_auto="1" extension_auto="1" />
				<Option object_output="build/" />
				<Option type="1" />
				<Option compiler="gcc" />
				<Option use_console_runner="0" />
				<Option parameters="480 320 scenes/materials.txt" />
				<Compiler>
					<Add option="-Wall" />
					<Add option="-g" />
				</Compiler>
			</Target>
		</Build>
		<Compiler>
			<Add option="-Wall" />
			<Add option="-std=c99" />
			<Add option="-msse2 -mfpmath=sse -ftree-vectorize -funroll-loops" />
		</Compiler>
		<Linker>
			<Add library="m" />
			<Add library="glut" />
			<Add library="GL" />
		</Linker>
		<ExtraCommands>
			<Add before="cpp &lt; path-tracing.cl &gt;preprocessed_path_tracing.cl" />
			<Add before="cpp &lt; ray-tracing.cl &gt;preprocessed_ray_tracing.cl" />
		</ExtraCommands>
		<Unit filename="Makefile" />
		<Unit filename="camera.c">
			<Option compilerVar="CC" />
		</Unit>
		<Unit filename="camera.h" />
		<Unit filename="displayfunc.c">
			<Option compilerVar="CC" />
		</Unit>
		<Unit filename="displayfunc.h" />
		<Unit filename="geom.h" />
		<Unit filename="geomfunc.h" />
		<Unit filename="main-cpu.c">
			<Option compilerVar="CC" />
			<Option target="cpu" />
		</Unit>
		<Unit filename="main-gpu.c">
			<Option compilerVar="CC" />
			<Option target="gpu" />
		</Unit>
		<Unit filename="material.h" />
		<Unit filename="models/cube-rotated-other.obj" />
		<Unit filename="models/cube-rotated.obj" />
		<Unit filename="models/cube.mtl" />
		<Unit filename="models/cube.obj" />
		<Unit filename="models/cylinder.obj" />
		<Unit filename="models/d20.obj" />
		<Unit filename="models/half-monkey.obj" />
		<Unit filename="models/light.obj" />
		<Unit filename="models/monkey.obj" />
		<Unit filename="models/plane-x.obj" />
		<Unit filename="models/plane-y-down.obj" />
		<Unit filename="models/plane-y.obj" />
		<Unit filename="models/plane-z.obj" />
		<Unit filename="models/plane.obj" />
		<Unit filename="models/sponge-rotated.obj" />
		<Unit filename="models/sponge.obj" />
		<Unit filename="models/table.obj" />
		<Unit filename="models/teapot.obj" />
		<Unit filename="path-tracing.cl">
			<Option target="&lt;{~None~}&gt;" />
		</Unit>
		<Unit filename="ray-tracing.cl">
			<Option target="&lt;{~None~}&gt;" />
		</Unit>
		<Unit filename="scene.h" />
		<Unit filename="scenes/caustic.txt" />
		<Unit filename="scenes/caustic3.txt" />
		<Unit filename="scenes/complex.txt" />
		<Unit filename="scenes/cornell-original.txt" />
		<Unit filename="scenes/cornell-with-hole.txt" />
		<Unit filename="scenes/cornell.txt" />
		<Unit filename="scenes/cornell_large.txt" />
		<Unit filename="scenes/large-object.txt" />
		<Unit filename="scenes/materials.txt" />
		<Unit filename="scenes/obj-model.txt" />
		<Unit filename="scenes/simple-spheres.txt" />
		<Unit filename="scenes/simple.txt" />
		<Unit filename="scenes/table-and-mirror.txt" />
		<Unit filename="simplernd.h" />
		<Unit filename="texture.h" />
		<Unit filename="time-utils.c">
			<Option compilerVar="CC" />
		</Unit>
		<Unit filename="time-utils.h" />
		<Unit filename="tinyobj_loader_c.h" />
		<Unit filename="vec.h" />
		<Extensions>
			<envvars />
			<code_completion />
			<debugger />
			<lib_finder disable_auto="1" />
		</Extensions>
	</Project>
</CodeBlocks_project_file>
